
Microsoft Visual Studio Solution File, Format Version 12.00
# Visual Studio Version 17
VisualStudioVersion = 17.11.35222.181
MinimumVisualStudioVersion = 10.0.40219.1
Project("{9A19103F-16F7-4668-BE54-9A1E7A4F7556}") = "test2", "test2\test2.csproj", "{A2D0D394-8E05-4FDF-B9CB-701F98980EA7}"
EndProject
Global
	GlobalSection(SolutionConfigurationPlatforms) = preSolution
		Debug|Any CPU = Debug|Any CPU
		Release|Any CPU = Release|Any CPU
	EndGlobalSection
	GlobalSection(ProjectConfigurationPlatforms) = postSolution
		{A2D0D394-8E05-4FDF-B9CB-701F98980EA7}.Debug|Any CPU.ActiveCfg = Debug|Any CPU
		{A2D0D394-8E05-4FDF-B9CB-701F98980EA7}.Debug|Any CPU.Build.0 = Debug|Any CPU
		{A2D0D394-8E05-4FDF-B9CB-701F98980EA7}.Release|Any CPU.ActiveCfg = Release|Any CPU
		{A2D0D394-8E05-4FDF-B9CB-701F98980EA7}.Release|Any CPU.Build.0 = Release|Any CPU
	EndGlobalSection
	GlobalSection(SolutionProperties) = preSolution
		HideSolutionNode = FALSE
	EndGlobalSection
	GlobalSection(ExtensibilityGlobals) = postSolution
		SolutionGuid = {B8766B70-DB75-486E-A834-0CE8D92C519A}
	EndGlobalSection
EndGlobal
